<?xml version="1.0" encoding="utf-8"?>
<Project ToolsVersion="4.0" xmlns="http://schemas.microsoft.com/developer/msbuild/2003">
  <ItemGroup>
    <Filter Include="Archivos de origen">
      <UniqueIdentifier>{4FC737F1-C7A5-4376-A066-2A32D752A2FF}</UniqueIdentifier>
      <Extensions>cpp;c;cc;cxx;c++;cppm;ixx;def;odl;idl;hpj;bat;asm;asmx</Extensions>
    </Filter>
    <Filter Include="Archivos de encabezado">
      <UniqueIdentifier>{93995380-89BD-4b04-88EB-625FBE52EBFB}</UniqueIdentifier>
      <Extensions>h;hh;hpp;hxx;h++;hm;inl;inc;ipp;xsd</Extensions>
    </Filter>
    <Filter Include="Archivos de recursos">
      <UniqueIdentifier>{67DA6AB6-F800-4c08-8B7A-83BB121AAD01}</UniqueIdentifier>
      <Extensions>rc;ico;cur;bmp;dlg;rc2;rct;bin;rgs;gif;jpg;jpeg;jpe;resx;tiff;tif;png;wav;mfcribbon-ms</Extensions>
    </Filter>
  </ItemGroup>
  <ItemGroup>
    <ClCompile Include="open_gl_curso_2.cpp">
      <Filter>Archivos de origen</Filter>
    </ClCompile>
    <ClCompile Include="Main_Glut.cpp">
      <Filter>Archivos de origen</Filter>
    </ClCompile>
    <ClCompile Include="Scene.cpp">
      <Filter>Archivos de origen</Filter>
    </ClCompile>
    <ClCompile Include="L02_Environment.cpp">
      <Filter>Archivos de origen</Filter>
    </ClCompile>
    <ClCompile Include="L03_Background.cpp">
      <Filter>Archivos de origen</Filter>
    </ClCompile>
    <ClCompile Include="L04_Vars.cpp">
      <Filter>Archivos de origen</Filter>
    </ClCompile>
    <ClCompile Include="L05_Click.cpp">
      <Filter>Archivos de origen</Filter>
    </ClCompile>
    <ClCompile Include="L06_IF.cpp">
      <Filter>Archivos de origen</Filter>
    </ClCompile>
    <ClCompile Include="L07_Triangle.cpp">
      <Filter>Archivos de origen</Filter>
    </ClCompile>
    <ClCompile Include="L08_Procedures.cpp">
      <Filter>Archivos de origen</Filter>
    </ClCompile>
    <ClCompile Include="L09_Color.cpp">
      <Filter>Archivos de origen</Filter>
    </ClCompile>
    <ClCompile Include="L10_Rotate.cpp">
      <Filter>Archivos de origen</Filter>
    </ClCompile>
    <ClCompile Include="L11_RotateClick.cpp">
      <Filter>Archivos de origen</Filter>
    </ClCompile>
    <ClCompile Include="L12_Animation.cpp">
      <Filter>Archivos de origen</Filter>
    </ClCompile>
    <ClCompile Include="L13_Square.cpp">
      <Filter>Archivos de origen</Filter>
    </ClCompile>
    <ClCompile Include="L14_While.cpp">
      <Filter>Archivos de origen</Filter>
    </ClCompile>
    <ClCompile Include="L15_Polygon.cpp">
      <Filter>Archivos de origen</Filter>
    </ClCompile>
    <ClCompile Include="L16_PolygonClick.cpp">
      <Filter>Archivos de origen</Filter>
    </ClCompile>
    <ClCompile Include="L17_PolygonAnimation.cpp">
      <Filter>Archivos de origen</Filter>
    </ClCompile>
    <ClCompile Include="L18_Points.cpp">
      <Filter>Archivos de origen</Filter>
    </ClCompile>
    <ClCompile Include="L19_Lines.cpp">
      <Filter>Archivos de origen</Filter>
    </ClCompile>
    <ClCompile Include="L20_LocalVar.cpp">
      <Filter>Archivos de origen</Filter>
    </ClCompile>
    <ClCompile Include="L21_PointsAnimation.cpp">
      <Filter>Archivos de origen</Filter>
    </ClCompile>
    <ClCompile Include="L22_LinesCube.cpp">
      <Filter>Archivos de origen</Filter>
    </ClCompile>
  </ItemGroup>
  <ItemGroup>
    <ClInclude Include="Main_Glut.h">
      <Filter>Archivos de encabezado</Filter>
    </ClInclude>
    <ClInclude Include="Scene.h">
      <Filter>Archivos de encabezado</Filter>
    </ClInclude>
    <ClInclude Include="L02_Environment.h">
      <Filter>Archivos de encabezado</Filter>
    </ClInclude>
    <ClInclude Include="L03_Background.h">
      <Filter>Archivos de encabezado</Filter>
    </ClInclude>
    <ClInclude Include="L04_Vars.h">
      <Filter>Archivos de encabezado</Filter>
    </ClInclude>
    <ClInclude Include="L05_Click.h">
      <Filter>Archivos de encabezado</Filter>
    </ClInclude>
    <ClInclude Include="L06_IF.h">
      <Filter>Archivos de encabezado</Filter>
    </ClInclude>
    <ClInclude Include="L07_Triangle.h">
      <Filter>Archivos de encabezado</Filter>
    </ClInclude>
    <ClInclude Include="L08_Procedures.h">
      <Filter>Archivos de encabezado</Filter>
    </ClInclude>
    <ClInclude Include="L09_Color.h">
      <Filter>Archivos de encabezado</Filter>
    </ClInclude>
    <ClInclude Include="L10_Rotate.h">
      <Filter>Archivos de encabezado</Filter>
    </ClInclude>
    <ClInclude Include="L11_RotateClick.h">
      <Filter>Archivos de encabezado</Filter>
    </ClInclude>
    <ClInclude Include="L12_Animation.h">
      <Filter>Archivos de encabezado</Filter>
    </ClInclude>
    <ClInclude Include="L13_Square.h">
      <Filter>Archivos de encabezado</Filter>
    </ClInclude>
    <ClInclude Include="L14_While.h">
      <Filter>Archivos de encabezado</Filter>
    </ClInclude>
    <ClInclude Include="L15_Polygon.h">
      <Filter>Archivos de encabezado</Filter>
    </ClInclude>
    <ClInclude Include="L16_PolygonClick.h">
      <Filter>Archivos de encabezado</Filter>
    </ClInclude>
    <ClInclude Include="L17_PolygonAnimation.h">
      <Filter>Archivos de encabezado</Filter>
    </ClInclude>
    <ClInclude Include="L18_Points.h">
      <Filter>Archivos de encabezado</Filter>
    </ClInclude>
    <ClInclude Include="L19_Lines.h">
      <Filter>Archivos de encabezado</Filter>
    </ClInclude>
    <ClInclude Include="L20_LocalVar.h">
      <Filter>Archivos de encabezado</Filter>
    </ClInclude>
    <ClInclude Include="L21_PointsAnimation.h">
      <Filter>Archivos de encabezado</Filter>
    </ClInclude>
    <ClInclude Include="L22_LinesCube.h">
      <Filter>Archivos de encabezado</Filter>
    </ClInclude>
  </ItemGroup>
</Project>